
Microsoft Visual Studio Solution File, Format Version 12.00
# Visual Studio 2013
VisualStudioVersion = 12.0.30501.0
MinimumVisualStudioVersion = 10.0.40219.1
Project("{FAE04EC0-301F-11D3-BF4B-00C04F79EFBC}") = "Q-SchemeModuleProject", "Q-SchemeModuleProject\Q-SchemeModuleProject.csproj", "{1161E8C5-91DA-4AB9-937A-83E35067C296}"
EndProject
Project("{FAE04EC0-301F-11D3-BF4B-00C04F79EFBC}") = "Test", "Test\Test.csproj", "{EAE82B97-0584-45AE-8047-520FDFBA450F}"
EndProject
Project("{FAE04EC0-301F-11D3-BF4B-00C04F79EFBC}") = "SMO_Test", "SMO_Test\SMO_Test.csproj", "{3FD4978E-9833-481A-9F8D-D168AEAB7F19}"
EndProject
Global
	GlobalSection(SolutionConfigurationPlatforms) = preSolution
		Debug|Any CPU = Debug|Any CPU
		Release|Any CPU = Release|Any CPU
	EndGlobalSection
	GlobalSection(ProjectConfigurationPlatforms) = postSolution
		{1161E8C5-91DA-4AB9-937A-83E35067C296}.Debug|Any CPU.ActiveCfg = Debug|Any CPU
		{1161E8C5-91DA-4AB9-937A-83E35067C296}.Debug|Any CPU.Build.0 = Debug|Any CPU
		{1161E8C5-91DA-4AB9-937A-83E35067C296}.Release|Any CPU.ActiveCfg = Release|Any CPU
		{1161E8C5-91DA-4AB9-937A-83E35067C296}.Release|Any CPU.Build.0 = Release|Any CPU
		{EAE82B97-0584-45AE-8047-520FDFBA450F}.Debug|Any CPU.ActiveCfg = Debug|Any CPU
		{EAE82B97-0584-45AE-8047-520FDFBA450F}.Debug|Any CPU.Build.0 = Debug|Any CPU
		{EAE82B97-0584-45AE-8047-520FDFBA450F}.Release|Any CPU.ActiveCfg = Release|Any CPU
		{EAE82B97-0584-45AE-8047-520FDFBA450F}.Release|Any CPU.Build.0 = Release|Any CPU
		{3FD4978E-9833-481A-9F8D-D168AEAB7F19}.Debug|Any CPU.ActiveCfg = Debug|Any CPU
		{3FD4978E-9833-481A-9F8D-D168AEAB7F19}.Debug|Any CPU.Build.0 = Debug|Any CPU
		{3FD4978E-9833-481A-9F8D-D168AEAB7F19}.Release|Any CPU.ActiveCfg = Release|Any CPU
		{3FD4978E-9833-481A-9F8D-D168AEAB7F19}.Release|Any CPU.Build.0 = Release|Any CPU
	EndGlobalSection
	GlobalSection(SolutionProperties) = preSolution
		HideSolutionNode = FALSE
	EndGlobalSection
EndGlobal
